// !$*UTF8*$!
{
	archiveVersion = 1;
	classes = {
	};
	objectVersion = 46;
	objects = {

/* Begin PBXBuildFile section */
		76965C3D1BA375F600283A3B /* AppDelegate.swift in Sources */ = {isa = PBXBuildFile; fileRef = 76965C3C1BA375F600283A3B /* AppDelegate.swift */; };
		76965C3F1BA375F600283A3B /* ViewController.swift in Sources */ = {isa = PBXBuildFile; fileRef = 76965C3E1BA375F600283A3B /* ViewController.swift */; };
		76965C421BA375F600283A3B /* Main.storyboard in Resources */ = {isa = PBXBuildFile; fileRef = 76965C401BA375F600283A3B /* Main.storyboard */; };
		76965C441BA375F600283A3B /* Images.xcassets in Resources */ = {isa = PBXBuildFile; fileRef = 76965C431BA375F600283A3B /* Images.xcassets */; };
		76965C471BA375F600283A3B /* LaunchScreen.xib in Resources */ = {isa = PBXBuildFile; fileRef = 76965C451BA375F600283A3B /* LaunchScreen.xib */; };
		76965C531BA375F600283A3B /* TranslatorTests.swift in Sources */ = {isa = PBXBuildFile; fileRef = 76965C521BA375F600283A3B /* TranslatorTests.swift */; };
/* End PBXBuildFile section */

/* Begin PBXContainerItemProxy section */
		76965C4D1BA375F600283A3B /* PBXContainerItemProxy */ = {
			isa = PBXContainerItemProxy;
			containerPortal = 76965C2F1BA375F600283A3B /* Project object */;
			proxyType = 1;
			remoteGlobalIDString = 76965C361BA375F600283A3B;
			remoteInfo = Translator;
		};
/* End PBXContainerItemProxy section */

/* Begin PBXFileReference section */
		76965C371BA375F600283A3B /* Translator.app */ = {isa = PBXFileReference; explicitFileType = wrapper.application; includeInIndex = 0; path = Translator.app; sourceTree = BUILT_PRODUCTS_DIR; };
		76965C3B1BA375F600283A3B /* Info.plist */ = {isa = PBXFileReference; lastKnownFileType = text.plist.xml; path = Info.plist; sourceTree = "<group>"; };
		76965C3C1BA375F600283A3B /* AppDelegate.swift */ = {isa = PBXFileReference; lastKnownFileType = sourcecode.swift; path = AppDelegate.swift; sourceTree = "<group>"; };
		76965C3E1BA375F600283A3B /* ViewController.swift */ = {isa = PBXFileReference; lastKnownFileType = sourcecode.swift; path = ViewController.swift; sourceTree = "<group>"; };
		76965C411BA375F600283A3B /* Base */ = {isa = PBXFileReference; lastKnownFileType = file.storyboard; name = Base; path = Base.lproj/Main.storyboard; sourceTree = "<group>"; };
		76965C431BA375F600283A3B /* Images.xcassets */ = {isa = PBXFileReference; lastKnownFileType = folder.assetcatalog; path = Images.xcassets; sourceTree = "<group>"; };
		76965C461BA375F600283A3B /* Base */ = {isa = PBXFileReference; lastKnownFileType = file.xib; name = Base; path = Base.lproj/LaunchScreen.xib; sourceTree = "<group>"; };
		76965C4C1BA375F600283A3B /* TranslatorTests.xctest */ = {isa = PBXFileReference; explicitFileType = wrapper.cfbundle; includeInIndex = 0; path = TranslatorTests.xctest; sourceTree = BUILT_PRODUCTS_DIR; };
		76965C511BA375F600283A3B /* Info.plist */ = {isa = PBXFileReference; lastKnownFileType = text.plist.xml; path = Info.plist; sourceTree = "<group>"; };
		76965C521BA375F600283A3B /* TranslatorTests.swift */ = {isa = PBXFileReference; lastKnownFileType = sourcecode.swift; path = TranslatorTests.swift; sourceTree = "<group>"; };
/* End PBXFileReference section */

/* Begin PBXFrameworksBuildPhase section */
		76965C341BA375F600283A3B /* Frameworks */ = {
			isa = PBXFrameworksBuildPhase;
			buildActionMask = 2147483647;
			files = (
			);
			runOnlyForDeploymentPostprocessing = 0;
		};
		76965C491BA375F600283A3B /* Frameworks */ = {
			isa = PBXFrameworksBuildPhase;
			buildActionMask = 2147483647;
			files = (
			);
			runOnlyForDeploymentPostprocessing = 0;
		};
/* End PBXFrameworksBuildPhase section */

/* Begin PBXGroup section */
		76965C2E1BA375F600283A3B = {
			isa = PBXGroup;
			children = (
				76965C391BA375F600283A3B /* Translator */,
				76965C4F1BA375F600283A3B /* TranslatorTests */,
				76965C381BA375F600283A3B /* Products */,
			);
			sourceTree = "<group>";
		};
		76965C381BA375F600283A3B /* Products */ = {
			isa = PBXGroup;
			children = (
				76965C371BA375F600283A3B /* Translator.app */,
				76965C4C1BA375F600283A3B /* TranslatorTests.xctest */,
			);
			name = Products;
			sourceTree = "<group>";
		};
		76965C391BA375F600283A3B /* Translator */ = {
			isa = PBXGroup;
			children = (
				76965C3C1BA375F600283A3B /* AppDelegate.swift */,
				76965C3E1BA375F600283A3B /* ViewController.swift */,
				76965C401BA375F600283A3B /* Main.storyboard */,
				76965C431BA375F600283A3B /* Images.xcassets */,
				76965C451BA375F600283A3B /* LaunchScreen.xib */,
				76965C3A1BA375F600283A3B /* Supporting Files */,
			);
			path = Translator;
			sourceTree = "<group>";
		};
		76965C3A1BA375F600283A3B /* Supporting Files */ = {
			isa = PBXGroup;
			children = (
				76965C3B1BA375F600283A3B /* Info.plist */,
			);
			name = "Supporting Files";
			sourceTree = "<group>";
		};
		76965C4F1BA375F600283A3B /* TranslatorTests */ = {
			isa = PBXGroup;
			children = (
				76965C521BA375F600283A3B /* TranslatorTests.swift */,
				76965C501BA375F600283A3B /* Supporting Files */,
			);
			path = TranslatorTests;
			sourceTree = "<group>";
		};
		76965C501BA375F600283A3B /* Supporting Files */ = {
			isa = PBXGroup;
			children = (
				76965C511BA375F600283A3B /* Info.plist */,
			);
			name = "Supporting Files";
			sourceTree = "<group>";
		};
/* End PBXGroup section */

/* Begin PBXNativeTarget section */
		76965C361BA375F600283A3B /* Translator */ = {
			isa = PBXNativeTarget;
			buildConfigurationList = 76965C561BA375F600283A3B /* Build configuration list for PBXNativeTarget "Translator" */;
			buildPhases = (
				76965C331BA375F600283A3B /* Sources */,
				76965C341BA375F600283A3B /* Frameworks */,
				76965C351BA375F600283A3B /* Resources */,
			);
			buildRules = (
			);
			dependencies = (
			);
			name = Translator;
			productName = Translator;
			productReference = 76965C371BA375F600283A3B /* Translator.app */;
			productType = "com.apple.product-type.application";
		};
		76965C4B1BA375F600283A3B /* TranslatorTests */ = {
			isa = PBXNativeTarget;
			buildConfigurationList = 76965C591BA375F600283A3B /* Build configuration list for PBXNativeTarget "TranslatorTests" */;
			buildPhases = (
				76965C481BA375F600283A3B /* Sources */,
				76965C491BA375F600283A3B /* Frameworks */,
				76965C4A1BA375F600283A3B /* Resources */,
			);
			buildRules = (
			);
			dependencies = (
				76965C4E1BA375F600283A3B /* PBXTargetDependency */,
			);
			name = TranslatorTests;
			productName = TranslatorTests;
			productReference = 76965C4C1BA375F600283A3B /* TranslatorTests.xctest */;
			productType = "com.apple.product-type.bundle.unit-test";
		};
/* End PBXNativeTarget section */

/* Begin PBXProject section */
		76965C2F1BA375F600283A3B /* Project object */ = {
			isa = PBXProject;
			attributes = {
				LastUpgradeCheck = 0640;
				ORGANIZATIONNAME = "IVAN CHERNOV";
				TargetAttributes = {
					76965C361BA375F600283A3B = {
						CreatedOnToolsVersion = 6.4;
					};
					76965C4B1BA375F600283A3B = {
						CreatedOnToolsVersion = 6.4;
						TestTargetID = 76965C361BA375F600283A3B;
					};
				};
			};
			buildConfigurationList = 76965C321BA375F600283A3B /* Build configuration list for PBXProject "Translator" */;
			compatibilityVersion = "Xcode 3.2";
			developmentRegion = English;
			hasScannedForEncodings = 0;
			knownRegions = (
				en,
				Base,
			);
			mainGroup = 76965C2E1BA375F600283A3B;
			productRefGroup = 76965C381BA375F600283A3B /* Products */;
			projectDirPath = "";
			projectRoot = "";
			targets = (
				76965C361BA375F600283A3B /* Translator */,
				76965C4B1BA375F600283A3B /* TranslatorTests */,
			);
		};
/* End PBXProject section */

/* Begin PBXResourcesBuildPhase section */
		76965C351BA375F600283A3B /* Resources */ = {
			isa = PBXResourcesBuildPhase;
			buildActionMask = 2147483647;
			files = (
				76965C421BA375F600283A3B /* Main.storyboard in Resources */,
				76965C471BA375F600283A3B /* LaunchScreen.xib in Resources */,
				76965C441BA375F600283A3B /* Images.xcassets in Resources */,
			);
			runOnlyForDeploymentPostprocessing = 0;
		};
		76965C4A1BA375F600283A3B /* Resources */ = {
			isa = PBXResourcesBuildPhase;
			buildActionMask = 2147483647;
			files = (
			);
			runOnlyForDeploymentPostprocessing = 0;
		};
/* End PBXResourcesBuildPhase section */

/* Begin PBXSourcesBuildPhase section */
		76965C331BA375F600283A3B /* Sources */ = {
			isa = PBXSourcesBuildPhase;
			buildActionMask = 2147483647;
			files = (
				76965C3F1BA375F600283A3B /* ViewController.swift in Sources */,
				76965C3D1BA375F600283A3B /* AppDelegate.swift in Sources */,
			);
			runOnlyForDeploymentPostprocessing = 0;
		};
		76965C481BA375F600283A3B /* Sources */ = {
			isa = PBXSourcesBuildPhase;
			buildActionMask = 2147483647;
			files = (
				76965C531BA375F600283A3B /* TranslatorTests.swift in Sources */,
			);
			runOnlyForDeploymentPostprocessing = 0;
		};
/* End PBXSourcesBuildPhase section */

/* Begin PBXTargetDependency section */
		76965C4E1BA375F600283A3B /* PBXTargetDependency */ = {
			isa = PBXTargetDependency;
			target = 76965C361BA375F600283A3B /* Translator */;
			targetProxy = 76965C4D1BA375F600283A3B /* PBXContainerItemProxy */;
		};
/* End PBXTargetDependency section */

/* Begin PBXVariantGroup section */
		76965C401BA375F600283A3B /* Main.storyboard */ = {
			isa = PBXVariantGroup;
			children = (
				76965C411BA375F600283A3B /* Base */,
			);
			name = Main.storyboard;
			sourceTree = "<group>";
		};
		76965C451BA375F600283A3B /* LaunchScreen.xib */ = {
			isa = PBXVariantGroup;
			children = (
				76965C461BA375F600283A3B /* Base */,
			);
			name = LaunchScreen.xib;
			sourceTree = "<group>";
		};
/* End PBXVariantGroup section */

/* Begin XCBuildConfiguration section */
		76965C541BA375F600283A3B /* Debug */ = {
			isa = XCBuildConfiguration;
			buildSettings = {
				ALWAYS_SEARCH_USER_PATHS = NO;
				CLANG_CXX_LANGUAGE_STANDARD = "gnu++0x";
				CLANG_CXX_LIBRARY = "libc++";
				CLANG_ENABLE_MODULES = YES;
				CLANG_ENABLE_OBJC_ARC = YES;
				CLANG_WARN_BOOL_CONVERSION = YES;
				CLANG_WARN_CONSTANT_CONVERSION = YES;
				CLANG_WARN_DIRECT_OBJC_ISA_USAGE = YES_ERROR;
				CLANG_WARN_EMPTY_BODY = YES;
				CLANG_WARN_ENUM_CONVERSION = YES;
				CLANG_WARN_INT_CONVERSION = YES;
				CLANG_WARN_OBJC_ROOT_CLASS = YES_ERROR;
				CLANG_WARN_UNREACHABLE_CODE = YES;
				CLANG_WARN__DUPLICATE_METHOD_MATCH = YES;
				"CODE_SIGN_IDENTITY[sdk=iphoneos*]" = "iPhone Developer";
				COPY_PHASE_STRIP = NO;
				DEBUG_INFORMATION_FORMAT = "dwarf-with-dsym";
				ENABLE_STRICT_OBJC_MSGSEND = YES;
				GCC_C_LANGUAGE_STANDARD = gnu99;
				GCC_DYNAMIC_NO_PIC = NO;
				GCC_NO_COMMON_BLOCKS = YES;
				GCC_OPTIMIZATION_LEVEL = 0;
				GCC_PREPROCESSOR_DEFINITIONS = (
					"DEBUG=1",
					"$(inherited)",
				);
				GCC_SYMBOLS_PRIVATE_EXTERN = NO;
				GCC_WARN_64_TO_32_BIT_CONVERSION = YES;
				GCC_WARN_ABOUT_RETURN_TYPE = YES_ERROR;
				GCC_WARN_UNDECLARED_SELECTOR = YES;
				GCC_WARN_UNINITIALIZED_AUTOS = YES_AGGRESSIVE;
				GCC_WARN_UNUSED_FUNCTION = YES;
				GCC_WARN_UNUSED_VARIABLE = YES;
				IPHONEOS_DEPLOYMENT_TARGET = 8.4;
				MTL_ENABLE_DEBUG_INFO = YES;
				ONLY_ACTIVE_ARCH = YES;
				SDKROOT = iphoneos;
				SWIFT_OPTIMIZATION_LEVEL = "-Onone";
				TARGETED_DEVICE_FAMILY = "1,2";
			};
			name = Debug;
		};
		76965C551BA375F600283A3B /* Release */ = {
			isa = XCBuildConfiguration;
			buildSettings = {
				ALWAYS_SEARCH_USER_PATHS = NO;
				CLANG_CXX_LANGUAGE_STANDARD = "gnu++0x";
				CLANG_CXX_LIBRARY = "libc++";
				CLANG_ENABLE_MODULES = YES;
				CLANG_ENABLE_OBJC_ARC = YES;
				CLANG_WARN_BOOL_CONVERSION = YES;
				CLANG_WARN_CONSTANT_CONVERSION = YES;
				CLANG_WARN_DIRECT_OBJC_ISA_USAGE = YES_ERROR;
				CLANG_WARN_EMPTY_BODY = YES;
				CLANG_WARN_ENUM_CONVERSION = YES;
				CLANG_WARN_INT_CONVERSION = YES;
				CLANG_WARN_OBJC_ROOT_CLASS = YES_ERROR;
				CLANG_WARN_UNREACHABLE_CODE = YES;
				CLANG_WARN__DUPLICATE_METHOD_MATCH = YES;
				"CODE_SIGN_IDENTITY[sdk=iphoneos*]" = "iPhone Developer";
				COPY_PHASE_STRIP = NO;
				DEBUG_INFORMATION_FORMAT = "dwarf-with-dsym";
				ENABLE_NS_ASSERTIONS = NO;
				ENABLE_STRICT_OBJC_MSGSEND = YES;
				GCC_C_LANGUAGE_STANDARD = gnu99;
				GCC_NO_COMMON_BLOCKS = YES;
				GCC_WARN_64_TO_32_BIT_CONVERSION = YES;
				GCC_WARN_ABOUT_RETURN_TYPE = YES_ERROR;
				GCC_WARN_UNDECLARED_SELECTOR = YES;
				GCC_WARN_UNINITIALIZED_AUTOS = YES_AGGRESSIVE;
				GCC_WARN_UNUSED_FUNCTION = YES;
				GCC_WARN_UNUSED_VARIABLE = YES;
				IPHONEOS_DEPLOYMENT_TARGET = 8.4;
				MTL_ENABLE_DEBUG_INFO = NO;
				SDKROOT = iphoneos;
				TARGETED_DEVICE_FAMILY = "1,2";
				VALIDATE_PRODUCT = YES;
			};
			name = Release;
		};
		76965C571BA375F600283A3B /* Debug */ = {
			isa = XCBuildConfiguration;
			buildSettings = {
				ASSETCATALOG_COMPILER_APPICON_NAME = AppIcon;
				INFOPLIST_FILE = Translator/Info.plist;
				LD_RUNPATH_SEARCH_PATHS = "$(inherited) @executable_path/Frameworks";
				PRODUCT_NAME = "$(TARGET_NAME)";
			};
			name = Debug;
		};
		76965C581BA375F600283A3B /* Release */ = {
			isa = XCBuildConfiguration;
			buildSettings = {
				ASSETCATALOG_COMPILER_APPICON_NAME = AppIcon;
				INFOPLIST_FILE = Translator/Info.plist;
				LD_RUNPATH_SEARCH_PATHS = "$(inherited) @executable_path/Frameworks";
				PRODUCT_NAME = "$(TARGET_NAME)";
			};
			name = Release;
		};
		76965C5A1BA375F600283A3B /* Debug */ = {
			isa = XCBuildConfiguration;
			buildSettings = {
				BUNDLE_LOADER = "$(TEST_HOST)";
				FRAMEWORK_SEARCH_PATHS = (
					"$(SDKROOT)/Developer/Library/Frameworks",
					"$(inherited)",
				);
				GCC_PREPROCESSOR_DEFINITIONS = (
					"DEBUG=1",
					"$(inherited)",
				);
				INFOPLIST_FILE = TranslatorTests/Info.plist;
				LD_RUNPATH_SEARCH_PATHS = "$(inherited) @executable_path/Frameworks @loader_path/Frameworks";
				PRODUCT_NAME = "$(TARGET_NAME)";
				TEST_HOST = "$(BUILT_PRODUCTS_DIR)/Translator.app/Translator";
			};
			name = Debug;
		};
		76965C5B1BA375F600283A3B /* Release */ = {
			isa = XCBuildConfiguration;
			buildSettings = {
				BUNDLE_LOADER = "$(TEST_HOST)";
				FRAMEWORK_SEARCH_PATHS = (
					"$(SDKROOT)/Developer/Library/Frameworks",
					"$(inherited)",
				);
				INFOPLIST_FILE = TranslatorTests/Info.plist;
				LD_RUNPATH_SEARCH_PATHS = "$(inherited) @executable_path/Frameworks @loader_path/Frameworks";
				PRODUCT_NAME = "$(TARGET_NAME)";
				TEST_HOST = "$(BUILT_PRODUCTS_DIR)/Translator.app/Translator";
			};
			name = Release;
		};
/* End XCBuildConfiguration section */

/* Begin XCConfigurationList section */
		76965C321BA375F600283A3B /* Build configuration list for PBXProject "Translator" */ = {
			isa = XCConfigurationList;
			buildConfigurations = (
				76965C541BA375F600283A3B /* Debug */,
				76965C551BA375F600283A3B /* Release */,
			);
			defaultConfigurationIsVisible = 0;
			defaultConfigurationName = Release;
		};
		76965C561BA375F600283A3B /* Build configuration list for PBXNativeTarget "Translator" */ = {
			isa = XCConfigurationList;
			buildConfigurations = (
				76965C571BA375F600283A3B /* Debug */,
				76965C581BA375F600283A3B /* Release */,
			);
			defaultConfigurationIsVisible = 0;
		};
		76965C591BA375F600283A3B /* Build configuration list for PBXNativeTarget "TranslatorTests" */ = {
			isa = XCConfigurationList;
			buildConfigurations = (
				76965C5A1BA375F600283A3B /* Debug */,
				76965C5B1BA375F600283A3B /* Release */,
			);
			defaultConfigurationIsVisible = 0;
		};
/* End XCConfigurationList section */
	};
	rootObject = 76965C2F1BA375F600283A3B /* Project object */;
}
