PODS:
  - AFNetworking (2.6.0):
    - AFNetworking/NSURLConnection (= 2.6.0)
    - AFNetworking/NSURLSession (= 2.6.0)
    - AFNetworking/Reachability (= 2.6.0)
    - AFNetworking/Security (= 2.6.0)
    - AFNetworking/Serialization (= 2.6.0)
    - AFNetworking/UIKit (= 2.6.0)
  - AFNetworking/NSURLConnection (2.6.0):
    - AFNetworking/Reachability
    - AFNetworking/Security
    - AFNetworking/Serialization
  - AFNetworking/NSURLSession (2.6.0):
    - AFNetworking/Reachability
    - AFNetworking/Security
    - AFNetworking/Serialization
  - AFNetworking/Reachability (2.6.0)
  - AFNetworking/Security (2.6.0)
  - AFNetworking/Serialization (2.6.0)
  - AFNetworking/UIKit (2.6.0):
    - AFNetworking/NSURLConnection
    - AFNetworking/NSURLSession
  - CZPicker (0.3.6)
  - FGTranslator (1.1.2):
    - AFNetworking
    - TMCache
  - TMCache (2.1.0)

DEPENDENCIES:
  - CZPicker
  - FGTranslator (from `https://github.com/iChernov/FGTranslator.git`)

EXTERNAL SOURCES:
  FGTranslator:
    :git: https://github.com/iChernov/FGTranslator.git

CHECKOUT OPTIONS:
  FGTranslator:
    :commit: 90122c5c7556bf3643396b5c70914116e08546c9
    :git: https://github.com/iChernov/FGTranslator.git

SPEC CHECKSUMS:
  AFNetworking: 79f7eb1a0fcfa7beb409332b2ca49afe9ce53b05
  CZPicker: bf966778ebd3af6c291b4a4190d08a0e2c5c6974
  FGTranslator: fef479f75ec0a56e4ad1b5c2668ce9ab4e1ae597
  TMCache: 95ebcc9b3c7e90fb5fd8fc3036cba3aa781c9bed

COCOAPODS: 0.38.2
